
Microsoft Visual Studio Solution File, Format Version 12.00
# Visual Studio Version 17
VisualStudioVersion = 17.3.32901.215
MinimumVisualStudioVersion = 10.0.40219.1
Project("{FAE04EC0-301F-11D3-BF4B-00C04F79EFBC}") = "zadatak", "zadatak\zadatak.csproj", "{DDB0A314-D908-4D0B-99BD-3F808D15EC5C}"
EndProject
Global
	GlobalSection(SolutionConfigurationPlatforms) = preSolution
		Debug|Any CPU = Debug|Any CPU
		Release|Any CPU = Release|Any CPU
	EndGlobalSection
	GlobalSection(ProjectConfigurationPlatforms) = postSolution
		{DDB0A314-D908-4D0B-99BD-3F808D15EC5C}.Debug|Any CPU.ActiveCfg = Debug|Any CPU
		{DDB0A314-D908-4D0B-99BD-3F808D15EC5C}.Debug|Any CPU.Build.0 = Debug|Any CPU
		{DDB0A314-D908-4D0B-99BD-3F808D15EC5C}.Release|Any CPU.ActiveCfg = Release|Any CPU
		{DDB0A314-D908-4D0B-99BD-3F808D15EC5C}.Release|Any CPU.Build.0 = Release|Any CPU
	EndGlobalSection
	GlobalSection(SolutionProperties) = preSolution
		HideSolutionNode = FALSE
	EndGlobalSection
	GlobalSection(ExtensibilityGlobals) = postSolution
		SolutionGuid = {AD034AED-0F42-4946-9B20-BC19604E2F56}
	EndGlobalSection
EndGlobal
